// !$*UTF8*$!
{
	archiveVersion = 1;
	classes = {
	};
	objectVersion = 50;
	objects = {

/* Begin PBXBuildFile section */
		0B4C42E38A50DD2DBB06EBC0 /* Pods_place_your_orderTests.framework in Frameworks */ = {isa = PBXBuildFile; fileRef = 6152C92F418AB581FC7AFB2B /* Pods_place_your_orderTests.framework */; };
		53E76D53227A090F008DED2C /* AppDelegate.swift in Sources */ = {isa = PBXBuildFile; fileRef = 53E76D52227A090F008DED2C /* AppDelegate.swift */; };
		53E76D55227A090F008DED2C /* ViewController.swift in Sources */ = {isa = PBXBuildFile; fileRef = 53E76D54227A090F008DED2C /* ViewController.swift */; };
		53E76D58227A090F008DED2C /* Main.storyboard in Resources */ = {isa = PBXBuildFile; fileRef = 53E76D56227A090F008DED2C /* Main.storyboard */; };
		53E76D5A227A090F008DED2C /* Assets.xcassets in Resources */ = {isa = PBXBuildFile; fileRef = 53E76D59227A090F008DED2C /* Assets.xcassets */; };
		53E76D5D227A090F008DED2C /* LaunchScreen.storyboard in Resources */ = {isa = PBXBuildFile; fileRef = 53E76D5B227A090F008DED2C /* LaunchScreen.storyboard */; };
		53E76D73227A090F008DED2C /* place_your_orderUITests.swift in Sources */ = {isa = PBXBuildFile; fileRef = 53E76D72227A090F008DED2C /* place_your_orderUITests.swift */; };
		53E76D85227A0C37008DED2C /* RestaurantApiDataSource.swift in Sources */ = {isa = PBXBuildFile; fileRef = 53E76D84227A0C37008DED2C /* RestaurantApiDataSource.swift */; };
		53E76D87227A0C49008DED2C /* RestaurantApiDataSourceImpl.swift in Sources */ = {isa = PBXBuildFile; fileRef = 53E76D86227A0C49008DED2C /* RestaurantApiDataSourceImpl.swift */; };
		53E76D89227A0DFA008DED2C /* Category.swift in Sources */ = {isa = PBXBuildFile; fileRef = 53E76D88227A0DFA008DED2C /* Category.swift */; };
		53E76D8B227A0FD4008DED2C /* CompanyInformation.swift in Sources */ = {isa = PBXBuildFile; fileRef = 53E76D8A227A0FD4008DED2C /* CompanyInformation.swift */; };
		53E76D8D227A108E008DED2C /* OpeningHours.swift in Sources */ = {isa = PBXBuildFile; fileRef = 53E76D8C227A108E008DED2C /* OpeningHours.swift */; };
		53E76D8F227A111F008DED2C /* Image.swift in Sources */ = {isa = PBXBuildFile; fileRef = 53E76D8E227A111F008DED2C /* Image.swift */; };
		53E76D91227A1384008DED2C /* Menu.swift in Sources */ = {isa = PBXBuildFile; fileRef = 53E76D90227A1384008DED2C /* Menu.swift */; };
		53E76D94227A1456008DED2C /* BaseCallback.swift in Sources */ = {isa = PBXBuildFile; fileRef = 53E76D93227A1456008DED2C /* BaseCallback.swift */; };
		53E76D96227A147B008DED2C /* CallbackEnum.swift in Sources */ = {isa = PBXBuildFile; fileRef = 53E76D95227A147B008DED2C /* CallbackEnum.swift */; };
		53E76D98227A1A57008DED2C /* RequestUtils.swift in Sources */ = {isa = PBXBuildFile; fileRef = 53E76D97227A1A57008DED2C /* RequestUtils.swift */; };
		53E76D9A227A1A97008DED2C /* RemoteUtils.swift in Sources */ = {isa = PBXBuildFile; fileRef = 53E76D99227A1A97008DED2C /* RemoteUtils.swift */; };
		53E76D9D227A1E36008DED2C /* LoadRestaurantInformationApiDataSourceTest.swift in Sources */ = {isa = PBXBuildFile; fileRef = 53E76D9C227A1E36008DED2C /* LoadRestaurantInformationApiDataSourceTest.swift */; };
		53E76DA0227A264A008DED2C /* Executer.swift in Sources */ = {isa = PBXBuildFile; fileRef = 53E76D9F227A264A008DED2C /* Executer.swift */; };
		53E76DA2227A2890008DED2C /* ApiMocks.swift in Sources */ = {isa = PBXBuildFile; fileRef = 53E76DA1227A2890008DED2C /* ApiMocks.swift */; };
		53E76DA4227A32DB008DED2C /* Product.swift in Sources */ = {isa = PBXBuildFile; fileRef = 53E76DA3227A32DB008DED2C /* Product.swift */; };
		53E76DA6227A3304008DED2C /* ProductList.swift in Sources */ = {isa = PBXBuildFile; fileRef = 53E76DA5227A3304008DED2C /* ProductList.swift */; };
		53E76DA8227A362D008DED2C /* LoadRestaurantProductsByCompanyIdApiDataSourceTest.swift in Sources */ = {isa = PBXBuildFile; fileRef = 53E76DA7227A362D008DED2C /* LoadRestaurantProductsByCompanyIdApiDataSourceTest.swift */; };
		72B50E33CD8A6DF879A7024D /* Pods_place_your_order.framework in Frameworks */ = {isa = PBXBuildFile; fileRef = 386E6D2AA362CD8E4F204D07 /* Pods_place_your_order.framework */; };
		C3540F897B9CBEC80A9FA274 /* libPods-place-your-orderUITests.a in Frameworks */ = {isa = PBXBuildFile; fileRef = 24B92AFF3931EB370EB356DE /* libPods-place-your-orderUITests.a */; };
/* End PBXBuildFile section */

/* Begin PBXContainerItemProxy section */
		53E76D64227A090F008DED2C /* PBXContainerItemProxy */ = {
			isa = PBXContainerItemProxy;
			containerPortal = 53E76D47227A090F008DED2C /* Project object */;
			proxyType = 1;
			remoteGlobalIDString = 53E76D4E227A090F008DED2C;
			remoteInfo = "place-your-order";
		};
		53E76D6F227A090F008DED2C /* PBXContainerItemProxy */ = {
			isa = PBXContainerItemProxy;
			containerPortal = 53E76D47227A090F008DED2C /* Project object */;
			proxyType = 1;
			remoteGlobalIDString = 53E76D4E227A090F008DED2C;
			remoteInfo = "place-your-order";
		};
/* End PBXContainerItemProxy section */

/* Begin PBXFileReference section */
		24B92AFF3931EB370EB356DE /* libPods-place-your-orderUITests.a */ = {isa = PBXFileReference; explicitFileType = archive.ar; includeInIndex = 0; path = "libPods-place-your-orderUITests.a"; sourceTree = BUILT_PRODUCTS_DIR; };
		386E6D2AA362CD8E4F204D07 /* Pods_place_your_order.framework */ = {isa = PBXFileReference; explicitFileType = wrapper.framework; includeInIndex = 0; path = Pods_place_your_order.framework; sourceTree = BUILT_PRODUCTS_DIR; };
		4C658AC5F2F979C0036CE58F /* Pods-place-your-orderUITests.release.xcconfig */ = {isa = PBXFileReference; includeInIndex = 1; lastKnownFileType = text.xcconfig; name = "Pods-place-your-orderUITests.release.xcconfig"; path = "Target Support Files/Pods-place-your-orderUITests/Pods-place-your-orderUITests.release.xcconfig"; sourceTree = "<group>"; };
		53E76D4F227A090F008DED2C /* place-your-order.app */ = {isa = PBXFileReference; explicitFileType = wrapper.application; includeInIndex = 0; path = "place-your-order.app"; sourceTree = BUILT_PRODUCTS_DIR; };
		53E76D52227A090F008DED2C /* AppDelegate.swift */ = {isa = PBXFileReference; lastKnownFileType = sourcecode.swift; path = AppDelegate.swift; sourceTree = "<group>"; };
		53E76D54227A090F008DED2C /* ViewController.swift */ = {isa = PBXFileReference; lastKnownFileType = sourcecode.swift; path = ViewController.swift; sourceTree = "<group>"; };
		53E76D57227A090F008DED2C /* Base */ = {isa = PBXFileReference; lastKnownFileType = file.storyboard; name = Base; path = Base.lproj/Main.storyboard; sourceTree = "<group>"; };
		53E76D59227A090F008DED2C /* Assets.xcassets */ = {isa = PBXFileReference; lastKnownFileType = folder.assetcatalog; path = Assets.xcassets; sourceTree = "<group>"; };
		53E76D5C227A090F008DED2C /* Base */ = {isa = PBXFileReference; lastKnownFileType = file.storyboard; name = Base; path = Base.lproj/LaunchScreen.storyboard; sourceTree = "<group>"; };
		53E76D5E227A090F008DED2C /* Info.plist */ = {isa = PBXFileReference; lastKnownFileType = text.plist.xml; path = Info.plist; sourceTree = "<group>"; };
		53E76D63227A090F008DED2C /* place-your-orderTests.xctest */ = {isa = PBXFileReference; explicitFileType = wrapper.cfbundle; includeInIndex = 0; path = "place-your-orderTests.xctest"; sourceTree = BUILT_PRODUCTS_DIR; };
		53E76D69227A090F008DED2C /* Info.plist */ = {isa = PBXFileReference; lastKnownFileType = text.plist.xml; path = Info.plist; sourceTree = "<group>"; };
		53E76D6E227A090F008DED2C /* place-your-orderUITests.xctest */ = {isa = PBXFileReference; explicitFileType = wrapper.cfbundle; includeInIndex = 0; path = "place-your-orderUITests.xctest"; sourceTree = BUILT_PRODUCTS_DIR; };
		53E76D72227A090F008DED2C /* place_your_orderUITests.swift */ = {isa = PBXFileReference; lastKnownFileType = sourcecode.swift; path = place_your_orderUITests.swift; sourceTree = "<group>"; };
		53E76D74227A090F008DED2C /* Info.plist */ = {isa = PBXFileReference; lastKnownFileType = text.plist.xml; path = Info.plist; sourceTree = "<group>"; };
		53E76D84227A0C37008DED2C /* RestaurantApiDataSource.swift */ = {isa = PBXFileReference; lastKnownFileType = sourcecode.swift; path = RestaurantApiDataSource.swift; sourceTree = "<group>"; };
		53E76D86227A0C49008DED2C /* RestaurantApiDataSourceImpl.swift */ = {isa = PBXFileReference; lastKnownFileType = sourcecode.swift; path = RestaurantApiDataSourceImpl.swift; sourceTree = "<group>"; };
		53E76D88227A0DFA008DED2C /* Category.swift */ = {isa = PBXFileReference; lastKnownFileType = sourcecode.swift; path = Category.swift; sourceTree = "<group>"; };
		53E76D8A227A0FD4008DED2C /* CompanyInformation.swift */ = {isa = PBXFileReference; lastKnownFileType = sourcecode.swift; path = CompanyInformation.swift; sourceTree = "<group>"; };
		53E76D8C227A108E008DED2C /* OpeningHours.swift */ = {isa = PBXFileReference; lastKnownFileType = sourcecode.swift; path = OpeningHours.swift; sourceTree = "<group>"; };
		53E76D8E227A111F008DED2C /* Image.swift */ = {isa = PBXFileReference; lastKnownFileType = sourcecode.swift; path = Image.swift; sourceTree = "<group>"; };
		53E76D90227A1384008DED2C /* Menu.swift */ = {isa = PBXFileReference; lastKnownFileType = sourcecode.swift; path = Menu.swift; sourceTree = "<group>"; };
		53E76D93227A1456008DED2C /* BaseCallback.swift */ = {isa = PBXFileReference; lastKnownFileType = sourcecode.swift; path = BaseCallback.swift; sourceTree = "<group>"; };
		53E76D95227A147B008DED2C /* CallbackEnum.swift */ = {isa = PBXFileReference; lastKnownFileType = sourcecode.swift; path = CallbackEnum.swift; sourceTree = "<group>"; };
		53E76D97227A1A57008DED2C /* RequestUtils.swift */ = {isa = PBXFileReference; lastKnownFileType = sourcecode.swift; path = RequestUtils.swift; sourceTree = "<group>"; };
		53E76D99227A1A97008DED2C /* RemoteUtils.swift */ = {isa = PBXFileReference; lastKnownFileType = sourcecode.swift; path = RemoteUtils.swift; sourceTree = "<group>"; };
		53E76D9C227A1E36008DED2C /* LoadRestaurantInformationApiDataSourceTest.swift */ = {isa = PBXFileReference; lastKnownFileType = sourcecode.swift; path = LoadRestaurantInformationApiDataSourceTest.swift; sourceTree = "<group>"; };
		53E76D9F227A264A008DED2C /* Executer.swift */ = {isa = PBXFileReference; lastKnownFileType = sourcecode.swift; path = Executer.swift; sourceTree = "<group>"; };
		53E76DA1227A2890008DED2C /* ApiMocks.swift */ = {isa = PBXFileReference; lastKnownFileType = sourcecode.swift; path = ApiMocks.swift; sourceTree = "<group>"; };
		53E76DA3227A32DB008DED2C /* Product.swift */ = {isa = PBXFileReference; lastKnownFileType = sourcecode.swift; path = Product.swift; sourceTree = "<group>"; };
		53E76DA5227A3304008DED2C /* ProductList.swift */ = {isa = PBXFileReference; lastKnownFileType = sourcecode.swift; path = ProductList.swift; sourceTree = "<group>"; };
		53E76DA7227A362D008DED2C /* LoadRestaurantProductsByCompanyIdApiDataSourceTest.swift */ = {isa = PBXFileReference; lastKnownFileType = sourcecode.swift; path = LoadRestaurantProductsByCompanyIdApiDataSourceTest.swift; sourceTree = "<group>"; };
		5B613083F3A87E99237DB644 /* Pods-place-your-orderTests.debug.xcconfig */ = {isa = PBXFileReference; includeInIndex = 1; lastKnownFileType = text.xcconfig; name = "Pods-place-your-orderTests.debug.xcconfig"; path = "Target Support Files/Pods-place-your-orderTests/Pods-place-your-orderTests.debug.xcconfig"; sourceTree = "<group>"; };
		6152C92F418AB581FC7AFB2B /* Pods_place_your_orderTests.framework */ = {isa = PBXFileReference; explicitFileType = wrapper.framework; includeInIndex = 0; path = Pods_place_your_orderTests.framework; sourceTree = BUILT_PRODUCTS_DIR; };
		A28DF5960F2A33F850265A3C /* Pods-place-your-order.debug.xcconfig */ = {isa = PBXFileReference; includeInIndex = 1; lastKnownFileType = text.xcconfig; name = "Pods-place-your-order.debug.xcconfig"; path = "Target Support Files/Pods-place-your-order/Pods-place-your-order.debug.xcconfig"; sourceTree = "<group>"; };
		C5F05100578CEAA2DB0F5BC4 /* Pods-place-your-orderUITests.debug.xcconfig */ = {isa = PBXFileReference; includeInIndex = 1; lastKnownFileType = text.xcconfig; name = "Pods-place-your-orderUITests.debug.xcconfig"; path = "Target Support Files/Pods-place-your-orderUITests/Pods-place-your-orderUITests.debug.xcconfig"; sourceTree = "<group>"; };
		E5DEEFA41D2747C3B7B9983B /* Pods-place-your-order.release.xcconfig */ = {isa = PBXFileReference; includeInIndex = 1; lastKnownFileType = text.xcconfig; name = "Pods-place-your-order.release.xcconfig"; path = "Target Support Files/Pods-place-your-order/Pods-place-your-order.release.xcconfig"; sourceTree = "<group>"; };
		E87277E15AA81C932BC33943 /* Pods-place-your-orderTests.release.xcconfig */ = {isa = PBXFileReference; includeInIndex = 1; lastKnownFileType = text.xcconfig; name = "Pods-place-your-orderTests.release.xcconfig"; path = "Target Support Files/Pods-place-your-orderTests/Pods-place-your-orderTests.release.xcconfig"; sourceTree = "<group>"; };
/* End PBXFileReference section */

/* Begin PBXFrameworksBuildPhase section */
		53E76D4C227A090F008DED2C /* Frameworks */ = {
			isa = PBXFrameworksBuildPhase;
			buildActionMask = 2147483647;
			files = (
				72B50E33CD8A6DF879A7024D /* Pods_place_your_order.framework in Frameworks */,
			);
			runOnlyForDeploymentPostprocessing = 0;
		};
		53E76D60227A090F008DED2C /* Frameworks */ = {
			isa = PBXFrameworksBuildPhase;
			buildActionMask = 2147483647;
			files = (
				0B4C42E38A50DD2DBB06EBC0 /* Pods_place_your_orderTests.framework in Frameworks */,
			);
			runOnlyForDeploymentPostprocessing = 0;
		};
		53E76D6B227A090F008DED2C /* Frameworks */ = {
			isa = PBXFrameworksBuildPhase;
			buildActionMask = 2147483647;
			files = (
				C3540F897B9CBEC80A9FA274 /* libPods-place-your-orderUITests.a in Frameworks */,
			);
			runOnlyForDeploymentPostprocessing = 0;
		};
/* End PBXFrameworksBuildPhase section */

/* Begin PBXGroup section */
		042912758193CE9D7642306C /* Frameworks */ = {
			isa = PBXGroup;
			children = (
				24B92AFF3931EB370EB356DE /* libPods-place-your-orderUITests.a */,
				386E6D2AA362CD8E4F204D07 /* Pods_place_your_order.framework */,
				6152C92F418AB581FC7AFB2B /* Pods_place_your_orderTests.framework */,
			);
			name = Frameworks;
			sourceTree = "<group>";
		};
		53E76D46227A090F008DED2C = {
			isa = PBXGroup;
			children = (
				53E76D51227A090F008DED2C /* place-your-order */,
				53E76D66227A090F008DED2C /* place-your-orderTests */,
				53E76D71227A090F008DED2C /* place-your-orderUITests */,
				53E76D50227A090F008DED2C /* Products */,
				FBBFEF24C09838AE4B061235 /* Pods */,
				042912758193CE9D7642306C /* Frameworks */,
			);
			sourceTree = "<group>";
		};
		53E76D50227A090F008DED2C /* Products */ = {
			isa = PBXGroup;
			children = (
				53E76D4F227A090F008DED2C /* place-your-order.app */,
				53E76D63227A090F008DED2C /* place-your-orderTests.xctest */,
				53E76D6E227A090F008DED2C /* place-your-orderUITests.xctest */,
			);
			name = Products;
			sourceTree = "<group>";
		};
		53E76D51227A090F008DED2C /* place-your-order */ = {
			isa = PBXGroup;
			children = (
				53E76D80227A0A34008DED2C /* Application */,
				53E76D81227A0A40008DED2C /* Models */,
				53E76D82227A0A47008DED2C /* DataSources */,
				53E76D52227A090F008DED2C /* AppDelegate.swift */,
				53E76D54227A090F008DED2C /* ViewController.swift */,
				53E76D56227A090F008DED2C /* Main.storyboard */,
				53E76D59227A090F008DED2C /* Assets.xcassets */,
				53E76D5B227A090F008DED2C /* LaunchScreen.storyboard */,
				53E76D5E227A090F008DED2C /* Info.plist */,
			);
			path = "place-your-order";
			sourceTree = "<group>";
		};
		53E76D66227A090F008DED2C /* place-your-orderTests */ = {
			isa = PBXGroup;
			children = (
				53E76D9E227A263B008DED2C /* Common */,
				53E76D9B227A1E07008DED2C /* RemoteTests */,
				53E76D69227A090F008DED2C /* Info.plist */,
			);
			path = "place-your-orderTests";
			sourceTree = "<group>";
		};
		53E76D71227A090F008DED2C /* place-your-orderUITests */ = {
			isa = PBXGroup;
			children = (
				53E76D72227A090F008DED2C /* place_your_orderUITests.swift */,
				53E76D74227A090F008DED2C /* Info.plist */,
			);
			path = "place-your-orderUITests";
			sourceTree = "<group>";
		};
		53E76D80227A0A34008DED2C /* Application */ = {
			isa = PBXGroup;
			children = (
			);
			path = Application;
			sourceTree = "<group>";
		};
		53E76D81227A0A40008DED2C /* Models */ = {
			isa = PBXGroup;
			children = (
				53E76D88227A0DFA008DED2C /* Category.swift */,
				53E76D8A227A0FD4008DED2C /* CompanyInformation.swift */,
				53E76D8C227A108E008DED2C /* OpeningHours.swift */,
				53E76D8E227A111F008DED2C /* Image.swift */,
				53E76D90227A1384008DED2C /* Menu.swift */,
				53E76DA3227A32DB008DED2C /* Product.swift */,
				53E76DA5227A3304008DED2C /* ProductList.swift */,
			);
			path = Models;
			sourceTree = "<group>";
		};
		53E76D82227A0A47008DED2C /* DataSources */ = {
			isa = PBXGroup;
			children = (
				53E76D92227A144A008DED2C /* Common */,
				53E76D83227A0BD2008DED2C /* ApiDataSource */,
			);
			path = DataSources;
			sourceTree = "<group>";
		};
		53E76D83227A0BD2008DED2C /* ApiDataSource */ = {
			isa = PBXGroup;
			children = (
				53E76D84227A0C37008DED2C /* RestaurantApiDataSource.swift */,
				53E76D86227A0C49008DED2C /* RestaurantApiDataSourceImpl.swift */,
			);
			path = ApiDataSource;
			sourceTree = "<group>";
		};
		53E76D92227A144A008DED2C /* Common */ = {
			isa = PBXGroup;
			children = (
				53E76D93227A1456008DED2C /* BaseCallback.swift */,
				53E76D95227A147B008DED2C /* CallbackEnum.swift */,
				53E76D97227A1A57008DED2C /* RequestUtils.swift */,
				53E76D99227A1A97008DED2C /* RemoteUtils.swift */,
			);
			path = Common;
			sourceTree = "<group>";
		};
		53E76D9B227A1E07008DED2C /* RemoteTests */ = {
			isa = PBXGroup;
			children = (
				53E76D9C227A1E36008DED2C /* LoadRestaurantInformationApiDataSourceTest.swift */,
				53E76DA7227A362D008DED2C /* LoadRestaurantProductsByCompanyIdApiDataSourceTest.swift */,
			);
			path = RemoteTests;
			sourceTree = "<group>";
		};
		53E76D9E227A263B008DED2C /* Common */ = {
			isa = PBXGroup;
			children = (
				53E76D9F227A264A008DED2C /* Executer.swift */,
				53E76DA1227A2890008DED2C /* ApiMocks.swift */,
			);
			path = Common;
			sourceTree = "<group>";
		};
		FBBFEF24C09838AE4B061235 /* Pods */ = {
			isa = PBXGroup;
			children = (
				A28DF5960F2A33F850265A3C /* Pods-place-your-order.debug.xcconfig */,
				E5DEEFA41D2747C3B7B9983B /* Pods-place-your-order.release.xcconfig */,
				5B613083F3A87E99237DB644 /* Pods-place-your-orderTests.debug.xcconfig */,
				E87277E15AA81C932BC33943 /* Pods-place-your-orderTests.release.xcconfig */,
				C5F05100578CEAA2DB0F5BC4 /* Pods-place-your-orderUITests.debug.xcconfig */,
				4C658AC5F2F979C0036CE58F /* Pods-place-your-orderUITests.release.xcconfig */,
			);
			path = Pods;
			sourceTree = "<group>";
		};
/* End PBXGroup section */

/* Begin PBXNativeTarget section */
		53E76D4E227A090F008DED2C /* place-your-order */ = {
			isa = PBXNativeTarget;
			buildConfigurationList = 53E76D77227A090F008DED2C /* Build configuration list for PBXNativeTarget "place-your-order" */;
			buildPhases = (
				C9AC09983DEE84852D04C6B6 /* [CP] Check Pods Manifest.lock */,
				53E76D4B227A090F008DED2C /* Sources */,
				53E76D4C227A090F008DED2C /* Frameworks */,
				53E76D4D227A090F008DED2C /* Resources */,
				80D0B7729019E7E2EAE94149 /* [CP] Embed Pods Frameworks */,
			);
			buildRules = (
			);
			dependencies = (
			);
			name = "place-your-order";
			productName = "place-your-order";
			productReference = 53E76D4F227A090F008DED2C /* place-your-order.app */;
			productType = "com.apple.product-type.application";
		};
		53E76D62227A090F008DED2C /* place-your-orderTests */ = {
			isa = PBXNativeTarget;
			buildConfigurationList = 53E76D7A227A090F008DED2C /* Build configuration list for PBXNativeTarget "place-your-orderTests" */;
			buildPhases = (
				F550033507531AAAE87CBAC7 /* [CP] Check Pods Manifest.lock */,
				53E76D5F227A090F008DED2C /* Sources */,
				53E76D60227A090F008DED2C /* Frameworks */,
				53E76D61227A090F008DED2C /* Resources */,
				445A51724D8E3AE327CF8C94 /* [CP] Embed Pods Frameworks */,
			);
			buildRules = (
			);
			dependencies = (
				53E76D65227A090F008DED2C /* PBXTargetDependency */,
			);
			name = "place-your-orderTests";
			productName = "place-your-orderTests";
			productReference = 53E76D63227A090F008DED2C /* place-your-orderTests.xctest */;
			productType = "com.apple.product-type.bundle.unit-test";
		};
		53E76D6D227A090F008DED2C /* place-your-orderUITests */ = {
			isa = PBXNativeTarget;
			buildConfigurationList = 53E76D7D227A090F008DED2C /* Build configuration list for PBXNativeTarget "place-your-orderUITests" */;
			buildPhases = (
				E451D7A360D970CF5B47D0C7 /* [CP] Check Pods Manifest.lock */,
				53E76D6A227A090F008DED2C /* Sources */,
				53E76D6B227A090F008DED2C /* Frameworks */,
				53E76D6C227A090F008DED2C /* Resources */,
			);
			buildRules = (
			);
			dependencies = (
				53E76D70227A090F008DED2C /* PBXTargetDependency */,
			);
			name = "place-your-orderUITests";
			productName = "place-your-orderUITests";
			productReference = 53E76D6E227A090F008DED2C /* place-your-orderUITests.xctest */;
			productType = "com.apple.product-type.bundle.ui-testing";
		};
/* End PBXNativeTarget section */

/* Begin PBXProject section */
		53E76D47227A090F008DED2C /* Project object */ = {
			isa = PBXProject;
			attributes = {
				LastSwiftUpdateCheck = 1020;
				LastUpgradeCheck = 1020;
				ORGANIZATIONNAME = "Livia Vasconcelos";
				TargetAttributes = {
					53E76D4E227A090F008DED2C = {
						CreatedOnToolsVersion = 10.2.1;
					};
					53E76D62227A090F008DED2C = {
						CreatedOnToolsVersion = 10.2.1;
						TestTargetID = 53E76D4E227A090F008DED2C;
					};
					53E76D6D227A090F008DED2C = {
						CreatedOnToolsVersion = 10.2.1;
						TestTargetID = 53E76D4E227A090F008DED2C;
					};
				};
			};
			buildConfigurationList = 53E76D4A227A090F008DED2C /* Build configuration list for PBXProject "place-your-order" */;
			compatibilityVersion = "Xcode 9.3";
			developmentRegion = en;
			hasScannedForEncodings = 0;
			knownRegions = (
				en,
				Base,
			);
			mainGroup = 53E76D46227A090F008DED2C;
			productRefGroup = 53E76D50227A090F008DED2C /* Products */;
			projectDirPath = "";
			projectRoot = "";
			targets = (
				53E76D4E227A090F008DED2C /* place-your-order */,
				53E76D62227A090F008DED2C /* place-your-orderTests */,
				53E76D6D227A090F008DED2C /* place-your-orderUITests */,
			);
		};
/* End PBXProject section */

/* Begin PBXResourcesBuildPhase section */
		53E76D4D227A090F008DED2C /* Resources */ = {
			isa = PBXResourcesBuildPhase;
			buildActionMask = 2147483647;
			files = (
				53E76D5D227A090F008DED2C /* LaunchScreen.storyboard in Resources */,
				53E76D5A227A090F008DED2C /* Assets.xcassets in Resources */,
				53E76D58227A090F008DED2C /* Main.storyboard in Resources */,
			);
			runOnlyForDeploymentPostprocessing = 0;
		};
		53E76D61227A090F008DED2C /* Resources */ = {
			isa = PBXResourcesBuildPhase;
			buildActionMask = 2147483647;
			files = (
			);
			runOnlyForDeploymentPostprocessing = 0;
		};
		53E76D6C227A090F008DED2C /* Resources */ = {
			isa = PBXResourcesBuildPhase;
			buildActionMask = 2147483647;
			files = (
			);
			runOnlyForDeploymentPostprocessing = 0;
		};
/* End PBXResourcesBuildPhase section */

/* Begin PBXShellScriptBuildPhase section */
		445A51724D8E3AE327CF8C94 /* [CP] Embed Pods Frameworks */ = {
			isa = PBXShellScriptBuildPhase;
			buildActionMask = 2147483647;
			files = (
			);
			inputFileListPaths = (
			);
			inputPaths = (
				"${PODS_ROOT}/Target Support Files/Pods-place-your-orderTests/Pods-place-your-orderTests-frameworks.sh",
				"${BUILT_PRODUCTS_DIR}/Alamofire/Alamofire.framework",
				"${BUILT_PRODUCTS_DIR}/AlamofireObjectMapper/AlamofireObjectMapper.framework",
				"${BUILT_PRODUCTS_DIR}/ObjectMapper/ObjectMapper.framework",
				"${BUILT_PRODUCTS_DIR}/Nimble/Nimble.framework",
				"${BUILT_PRODUCTS_DIR}/OHHTTPStubs/OHHTTPStubs.framework",
				"${BUILT_PRODUCTS_DIR}/Quick/Quick.framework",
			);
			name = "[CP] Embed Pods Frameworks";
			outputFileListPaths = (
			);
			outputPaths = (
				"${TARGET_BUILD_DIR}/${FRAMEWORKS_FOLDER_PATH}/Alamofire.framework",
				"${TARGET_BUILD_DIR}/${FRAMEWORKS_FOLDER_PATH}/AlamofireObjectMapper.framework",
				"${TARGET_BUILD_DIR}/${FRAMEWORKS_FOLDER_PATH}/ObjectMapper.framework",
				"${TARGET_BUILD_DIR}/${FRAMEWORKS_FOLDER_PATH}/Nimble.framework",
				"${TARGET_BUILD_DIR}/${FRAMEWORKS_FOLDER_PATH}/OHHTTPStubs.framework",
				"${TARGET_BUILD_DIR}/${FRAMEWORKS_FOLDER_PATH}/Quick.framework",
			);
			runOnlyForDeploymentPostprocessing = 0;
			shellPath = /bin/sh;
			shellScript = "\"${PODS_ROOT}/Target Support Files/Pods-place-your-orderTests/Pods-place-your-orderTests-frameworks.sh\"\n";
			showEnvVarsInLog = 0;
		};
		80D0B7729019E7E2EAE94149 /* [CP] Embed Pods Frameworks */ = {
			isa = PBXShellScriptBuildPhase;
			buildActionMask = 2147483647;
			files = (
			);
			inputFileListPaths = (
			);
			inputPaths = (
				"${PODS_ROOT}/Target Support Files/Pods-place-your-order/Pods-place-your-order-frameworks.sh",
				"${BUILT_PRODUCTS_DIR}/Alamofire/Alamofire.framework",
				"${BUILT_PRODUCTS_DIR}/AlamofireObjectMapper/AlamofireObjectMapper.framework",
				"${BUILT_PRODUCTS_DIR}/ObjectMapper/ObjectMapper.framework",
			);
			name = "[CP] Embed Pods Frameworks";
			outputFileListPaths = (
			);
			outputPaths = (
				"${TARGET_BUILD_DIR}/${FRAMEWORKS_FOLDER_PATH}/Alamofire.framework",
				"${TARGET_BUILD_DIR}/${FRAMEWORKS_FOLDER_PATH}/AlamofireObjectMapper.framework",
				"${TARGET_BUILD_DIR}/${FRAMEWORKS_FOLDER_PATH}/ObjectMapper.framework",
			);
			runOnlyForDeploymentPostprocessing = 0;
			shellPath = /bin/sh;
			shellScript = "\"${PODS_ROOT}/Target Support Files/Pods-place-your-order/Pods-place-your-order-frameworks.sh\"\n";
			showEnvVarsInLog = 0;
		};
		C9AC09983DEE84852D04C6B6 /* [CP] Check Pods Manifest.lock */ = {
			isa = PBXShellScriptBuildPhase;
			buildActionMask = 2147483647;
			files = (
			);
			inputFileListPaths = (
			);
			inputPaths = (
				"${PODS_PODFILE_DIR_PATH}/Podfile.lock",
				"${PODS_ROOT}/Manifest.lock",
			);
			name = "[CP] Check Pods Manifest.lock";
			outputFileListPaths = (
			);
			outputPaths = (
				"$(DERIVED_FILE_DIR)/Pods-place-your-order-checkManifestLockResult.txt",
			);
			runOnlyForDeploymentPostprocessing = 0;
			shellPath = /bin/sh;
			shellScript = "diff \"${PODS_PODFILE_DIR_PATH}/Podfile.lock\" \"${PODS_ROOT}/Manifest.lock\" > /dev/null\nif [ $? != 0 ] ; then\n    # print error to STDERR\n    echo \"error: The sandbox is not in sync with the Podfile.lock. Run 'pod install' or update your CocoaPods installation.\" >&2\n    exit 1\nfi\n# This output is used by Xcode 'outputs' to avoid re-running this script phase.\necho \"SUCCESS\" > \"${SCRIPT_OUTPUT_FILE_0}\"\n";
			showEnvVarsInLog = 0;
		};
		E451D7A360D970CF5B47D0C7 /* [CP] Check Pods Manifest.lock */ = {
			isa = PBXShellScriptBuildPhase;
			buildActionMask = 2147483647;
			files = (
			);
			inputFileListPaths = (
			);
			inputPaths = (
				"${PODS_PODFILE_DIR_PATH}/Podfile.lock",
				"${PODS_ROOT}/Manifest.lock",
			);
			name = "[CP] Check Pods Manifest.lock";
			outputFileListPaths = (
			);
			outputPaths = (
				"$(DERIVED_FILE_DIR)/Pods-place-your-orderUITests-checkManifestLockResult.txt",
			);
			runOnlyForDeploymentPostprocessing = 0;
			shellPath = /bin/sh;
			shellScript = "diff \"${PODS_PODFILE_DIR_PATH}/Podfile.lock\" \"${PODS_ROOT}/Manifest.lock\" > /dev/null\nif [ $? != 0 ] ; then\n    # print error to STDERR\n    echo \"error: The sandbox is not in sync with the Podfile.lock. Run 'pod install' or update your CocoaPods installation.\" >&2\n    exit 1\nfi\n# This output is used by Xcode 'outputs' to avoid re-running this script phase.\necho \"SUCCESS\" > \"${SCRIPT_OUTPUT_FILE_0}\"\n";
			showEnvVarsInLog = 0;
		};
		F550033507531AAAE87CBAC7 /* [CP] Check Pods Manifest.lock */ = {
			isa = PBXShellScriptBuildPhase;
			buildActionMask = 2147483647;
			files = (
			);
			inputFileListPaths = (
			);
			inputPaths = (
				"${PODS_PODFILE_DIR_PATH}/Podfile.lock",
				"${PODS_ROOT}/Manifest.lock",
			);
			name = "[CP] Check Pods Manifest.lock";
			outputFileListPaths = (
			);
			outputPaths = (
				"$(DERIVED_FILE_DIR)/Pods-place-your-orderTests-checkManifestLockResult.txt",
			);
			runOnlyForDeploymentPostprocessing = 0;
			shellPath = /bin/sh;
			shellScript = "diff \"${PODS_PODFILE_DIR_PATH}/Podfile.lock\" \"${PODS_ROOT}/Manifest.lock\" > /dev/null\nif [ $? != 0 ] ; then\n    # print error to STDERR\n    echo \"error: The sandbox is not in sync with the Podfile.lock. Run 'pod install' or update your CocoaPods installation.\" >&2\n    exit 1\nfi\n# This output is used by Xcode 'outputs' to avoid re-running this script phase.\necho \"SUCCESS\" > \"${SCRIPT_OUTPUT_FILE_0}\"\n";
			showEnvVarsInLog = 0;
		};
/* End PBXShellScriptBuildPhase section */

/* Begin PBXSourcesBuildPhase section */
		53E76D4B227A090F008DED2C /* Sources */ = {
			isa = PBXSourcesBuildPhase;
			buildActionMask = 2147483647;
			files = (
				53E76D8B227A0FD4008DED2C /* CompanyInformation.swift in Sources */,
				53E76D87227A0C49008DED2C /* RestaurantApiDataSourceImpl.swift in Sources */,
				53E76D8D227A108E008DED2C /* OpeningHours.swift in Sources */,
				53E76D98227A1A57008DED2C /* RequestUtils.swift in Sources */,
				53E76D89227A0DFA008DED2C /* Category.swift in Sources */,
				53E76D55227A090F008DED2C /* ViewController.swift in Sources */,
				53E76DA6227A3304008DED2C /* ProductList.swift in Sources */,
				53E76D8F227A111F008DED2C /* Image.swift in Sources */,
				53E76D9A227A1A97008DED2C /* RemoteUtils.swift in Sources */,
				53E76D96227A147B008DED2C /* CallbackEnum.swift in Sources */,
				53E76D91227A1384008DED2C /* Menu.swift in Sources */,
				53E76D94227A1456008DED2C /* BaseCallback.swift in Sources */,
				53E76D85227A0C37008DED2C /* RestaurantApiDataSource.swift in Sources */,
				53E76D53227A090F008DED2C /* AppDelegate.swift in Sources */,
				53E76DA4227A32DB008DED2C /* Product.swift in Sources */,
			);
			runOnlyForDeploymentPostprocessing = 0;
		};
		53E76D5F227A090F008DED2C /* Sources */ = {
			isa = PBXSourcesBuildPhase;
			buildActionMask = 2147483647;
			files = (
				53E76DA8227A362D008DED2C /* LoadRestaurantProductsByCompanyIdApiDataSourceTest.swift in Sources */,
				53E76DA2227A2890008DED2C /* ApiMocks.swift in Sources */,
				53E76D9D227A1E36008DED2C /* LoadRestaurantInformationApiDataSourceTest.swift in Sources */,
				53E76DA0227A264A008DED2C /* Executer.swift in Sources */,
			);
			runOnlyForDeploymentPostprocessing = 0;
		};
		53E76D6A227A090F008DED2C /* Sources */ = {
			isa = PBXSourcesBuildPhase;
			buildActionMask = 2147483647;
			files = (
				53E76D73227A090F008DED2C /* place_your_orderUITests.swift in Sources */,
			);
			runOnlyForDeploymentPostprocessing = 0;
		};
/* End PBXSourcesBuildPhase section */

/* Begin PBXTargetDependency section */
		53E76D65227A090F008DED2C /* PBXTargetDependency */ = {
			isa = PBXTargetDependency;
			target = 53E76D4E227A090F008DED2C /* place-your-order */;
			targetProxy = 53E76D64227A090F008DED2C /* PBXContainerItemProxy */;
		};
		53E76D70227A090F008DED2C /* PBXTargetDependency */ = {
			isa = PBXTargetDependency;
			target = 53E76D4E227A090F008DED2C /* place-your-order */;
			targetProxy = 53E76D6F227A090F008DED2C /* PBXContainerItemProxy */;
		};
/* End PBXTargetDependency section */

/* Begin PBXVariantGroup section */
		53E76D56227A090F008DED2C /* Main.storyboard */ = {
			isa = PBXVariantGroup;
			children = (
				53E76D57227A090F008DED2C /* Base */,
			);
			name = Main.storyboard;
			sourceTree = "<group>";
		};
		53E76D5B227A090F008DED2C /* LaunchScreen.storyboard */ = {
			isa = PBXVariantGroup;
			children = (
				53E76D5C227A090F008DED2C /* Base */,
			);
			name = LaunchScreen.storyboard;
			sourceTree = "<group>";
		};
/* End PBXVariantGroup section */

/* Begin XCBuildConfiguration section */
		53E76D75227A090F008DED2C /* Debug */ = {
			isa = XCBuildConfiguration;
			buildSettings = {
				ALWAYS_SEARCH_USER_PATHS = NO;
				CLANG_ANALYZER_NONNULL = YES;
				CLANG_ANALYZER_NUMBER_OBJECT_CONVERSION = YES_AGGRESSIVE;
				CLANG_CXX_LANGUAGE_STANDARD = "gnu++14";
				CLANG_CXX_LIBRARY = "libc++";
				CLANG_ENABLE_MODULES = YES;
				CLANG_ENABLE_OBJC_ARC = YES;
				CLANG_ENABLE_OBJC_WEAK = YES;
				CLANG_WARN_BLOCK_CAPTURE_AUTORELEASING = YES;
				CLANG_WARN_BOOL_CONVERSION = YES;
				CLANG_WARN_COMMA = YES;
				CLANG_WARN_CONSTANT_CONVERSION = YES;
				CLANG_WARN_DEPRECATED_OBJC_IMPLEMENTATIONS = YES;
				CLANG_WARN_DIRECT_OBJC_ISA_USAGE = YES_ERROR;
				CLANG_WARN_DOCUMENTATION_COMMENTS = YES;
				CLANG_WARN_EMPTY_BODY = YES;
				CLANG_WARN_ENUM_CONVERSION = YES;
				CLANG_WARN_INFINITE_RECURSION = YES;
				CLANG_WARN_INT_CONVERSION = YES;
				CLANG_WARN_NON_LITERAL_NULL_CONVERSION = YES;
				CLANG_WARN_OBJC_IMPLICIT_RETAIN_SELF = YES;
				CLANG_WARN_OBJC_LITERAL_CONVERSION = YES;
				CLANG_WARN_OBJC_ROOT_CLASS = YES_ERROR;
				CLANG_WARN_RANGE_LOOP_ANALYSIS = YES;
				CLANG_WARN_STRICT_PROTOTYPES = YES;
				CLANG_WARN_SUSPICIOUS_MOVE = YES;
				CLANG_WARN_UNGUARDED_AVAILABILITY = YES_AGGRESSIVE;
				CLANG_WARN_UNREACHABLE_CODE = YES;
				CLANG_WARN__DUPLICATE_METHOD_MATCH = YES;
				CODE_SIGN_IDENTITY = "iPhone Developer";
				COPY_PHASE_STRIP = NO;
				DEBUG_INFORMATION_FORMAT = dwarf;
				ENABLE_STRICT_OBJC_MSGSEND = YES;
				ENABLE_TESTABILITY = YES;
				GCC_C_LANGUAGE_STANDARD = gnu11;
				GCC_DYNAMIC_NO_PIC = NO;
				GCC_NO_COMMON_BLOCKS = YES;
				GCC_OPTIMIZATION_LEVEL = 0;
				GCC_PREPROCESSOR_DEFINITIONS = (
					"DEBUG=1",
					"$(inherited)",
				);
				GCC_WARN_64_TO_32_BIT_CONVERSION = YES;
				GCC_WARN_ABOUT_RETURN_TYPE = YES_ERROR;
				GCC_WARN_UNDECLARED_SELECTOR = YES;
				GCC_WARN_UNINITIALIZED_AUTOS = YES_AGGRESSIVE;
				GCC_WARN_UNUSED_FUNCTION = YES;
				GCC_WARN_UNUSED_VARIABLE = YES;
				IPHONEOS_DEPLOYMENT_TARGET = 12.2;
				MTL_ENABLE_DEBUG_INFO = INCLUDE_SOURCE;
				MTL_FAST_MATH = YES;
				ONLY_ACTIVE_ARCH = YES;
				SDKROOT = iphoneos;
				SWIFT_ACTIVE_COMPILATION_CONDITIONS = DEBUG;
				SWIFT_OPTIMIZATION_LEVEL = "-Onone";
			};
			name = Debug;
		};
		53E76D76227A090F008DED2C /* Release */ = {
			isa = XCBuildConfiguration;
			buildSettings = {
				ALWAYS_SEARCH_USER_PATHS = NO;
				CLANG_ANALYZER_NONNULL = YES;
				CLANG_ANALYZER_NUMBER_OBJECT_CONVERSION = YES_AGGRESSIVE;
				CLANG_CXX_LANGUAGE_STANDARD = "gnu++14";
				CLANG_CXX_LIBRARY = "libc++";
				CLANG_ENABLE_MODULES = YES;
				CLANG_ENABLE_OBJC_ARC = YES;
				CLANG_ENABLE_OBJC_WEAK = YES;
				CLANG_WARN_BLOCK_CAPTURE_AUTORELEASING = YES;
				CLANG_WARN_BOOL_CONVERSION = YES;
				CLANG_WARN_COMMA = YES;
				CLANG_WARN_CONSTANT_CONVERSION = YES;
				CLANG_WARN_DEPRECATED_OBJC_IMPLEMENTATIONS = YES;
				CLANG_WARN_DIRECT_OBJC_ISA_USAGE = YES_ERROR;
				CLANG_WARN_DOCUMENTATION_COMMENTS = YES;
				CLANG_WARN_EMPTY_BODY = YES;
				CLANG_WARN_ENUM_CONVERSION = YES;
				CLANG_WARN_INFINITE_RECURSION = YES;
				CLANG_WARN_INT_CONVERSION = YES;
				CLANG_WARN_NON_LITERAL_NULL_CONVERSION = YES;
				CLANG_WARN_OBJC_IMPLICIT_RETAIN_SELF = YES;
				CLANG_WARN_OBJC_LITERAL_CONVERSION = YES;
				CLANG_WARN_OBJC_ROOT_CLASS = YES_ERROR;
				CLANG_WARN_RANGE_LOOP_ANALYSIS = YES;
				CLANG_WARN_STRICT_PROTOTYPES = YES;
				CLANG_WARN_SUSPICIOUS_MOVE = YES;
				CLANG_WARN_UNGUARDED_AVAILABILITY = YES_AGGRESSIVE;
				CLANG_WARN_UNREACHABLE_CODE = YES;
				CLANG_WARN__DUPLICATE_METHOD_MATCH = YES;
				CODE_SIGN_IDENTITY = "iPhone Developer";
				COPY_PHASE_STRIP = NO;
				DEBUG_INFORMATION_FORMAT = "dwarf-with-dsym";
				ENABLE_NS_ASSERTIONS = NO;
				ENABLE_STRICT_OBJC_MSGSEND = YES;
				GCC_C_LANGUAGE_STANDARD = gnu11;
				GCC_NO_COMMON_BLOCKS = YES;
				GCC_WARN_64_TO_32_BIT_CONVERSION = YES;
				GCC_WARN_ABOUT_RETURN_TYPE = YES_ERROR;
				GCC_WARN_UNDECLARED_SELECTOR = YES;
				GCC_WARN_UNINITIALIZED_AUTOS = YES_AGGRESSIVE;
				GCC_WARN_UNUSED_FUNCTION = YES;
				GCC_WARN_UNUSED_VARIABLE = YES;
				IPHONEOS_DEPLOYMENT_TARGET = 12.2;
				MTL_ENABLE_DEBUG_INFO = NO;
				MTL_FAST_MATH = YES;
				SDKROOT = iphoneos;
				SWIFT_COMPILATION_MODE = wholemodule;
				SWIFT_OPTIMIZATION_LEVEL = "-O";
				VALIDATE_PRODUCT = YES;
			};
			name = Release;
		};
		53E76D78227A090F008DED2C /* Debug */ = {
			isa = XCBuildConfiguration;
			baseConfigurationReference = A28DF5960F2A33F850265A3C /* Pods-place-your-order.debug.xcconfig */;
			buildSettings = {
				ASSETCATALOG_COMPILER_APPICON_NAME = AppIcon;
				CODE_SIGN_STYLE = Automatic;
				DEVELOPMENT_TEAM = L9CMSL6QFV;
				INFOPLIST_FILE = "place-your-order/Info.plist";
				LD_RUNPATH_SEARCH_PATHS = (
					"$(inherited)",
					"@executable_path/Frameworks",
				);
				PRODUCT_BUNDLE_IDENTIFIER = "com.liuvasconcelos.place-your-order";
				PRODUCT_NAME = "$(TARGET_NAME)";
				SWIFT_VERSION = 5.0;
				TARGETED_DEVICE_FAMILY = "1,2";
			};
			name = Debug;
		};
		53E76D79227A090F008DED2C /* Release */ = {
			isa = XCBuildConfiguration;
			baseConfigurationReference = E5DEEFA41D2747C3B7B9983B /* Pods-place-your-order.release.xcconfig */;
			buildSettings = {
				ASSETCATALOG_COMPILER_APPICON_NAME = AppIcon;
				CODE_SIGN_STYLE = Automatic;
				DEVELOPMENT_TEAM = L9CMSL6QFV;
				INFOPLIST_FILE = "place-your-order/Info.plist";
				LD_RUNPATH_SEARCH_PATHS = (
					"$(inherited)",
					"@executable_path/Frameworks",
				);
				PRODUCT_BUNDLE_IDENTIFIER = "com.liuvasconcelos.place-your-order";
				PRODUCT_NAME = "$(TARGET_NAME)";
				SWIFT_VERSION = 5.0;
				TARGETED_DEVICE_FAMILY = "1,2";
			};
			name = Release;
		};
		53E76D7B227A090F008DED2C /* Debug */ = {
			isa = XCBuildConfiguration;
			baseConfigurationReference = 5B613083F3A87E99237DB644 /* Pods-place-your-orderTests.debug.xcconfig */;
			buildSettings = {
				ALWAYS_EMBED_SWIFT_STANDARD_LIBRARIES = YES;
				BUNDLE_LOADER = "$(TEST_HOST)";
				CODE_SIGN_STYLE = Automatic;
				DEVELOPMENT_TEAM = L9CMSL6QFV;
				INFOPLIST_FILE = "place-your-orderTests/Info.plist";
				LD_RUNPATH_SEARCH_PATHS = (
					"$(inherited)",
					"@executable_path/Frameworks",
					"@loader_path/Frameworks",
				);
				PRODUCT_BUNDLE_IDENTIFIER = "com.liuvasconcelos.place-your-orderTests";
				PRODUCT_NAME = "$(TARGET_NAME)";
				SWIFT_VERSION = 5.0;
				TARGETED_DEVICE_FAMILY = "1,2";
				TEST_HOST = "$(BUILT_PRODUCTS_DIR)/place-your-order.app/place-your-order";
			};
			name = Debug;
		};
		53E76D7C227A090F008DED2C /* Release */ = {
			isa = XCBuildConfiguration;
			baseConfigurationReference = E87277E15AA81C932BC33943 /* Pods-place-your-orderTests.release.xcconfig */;
			buildSettings = {
				ALWAYS_EMBED_SWIFT_STANDARD_LIBRARIES = YES;
				BUNDLE_LOADER = "$(TEST_HOST)";
				CODE_SIGN_STYLE = Automatic;
				DEVELOPMENT_TEAM = L9CMSL6QFV;
				INFOPLIST_FILE = "place-your-orderTests/Info.plist";
				LD_RUNPATH_SEARCH_PATHS = (
					"$(inherited)",
					"@executable_path/Frameworks",
					"@loader_path/Frameworks",
				);
				PRODUCT_BUNDLE_IDENTIFIER = "com.liuvasconcelos.place-your-orderTests";
				PRODUCT_NAME = "$(TARGET_NAME)";
				SWIFT_VERSION = 5.0;
				TARGETED_DEVICE_FAMILY = "1,2";
				TEST_HOST = "$(BUILT_PRODUCTS_DIR)/place-your-order.app/place-your-order";
			};
			name = Release;
		};
		53E76D7E227A090F008DED2C /* Debug */ = {
			isa = XCBuildConfiguration;
			baseConfigurationReference = C5F05100578CEAA2DB0F5BC4 /* Pods-place-your-orderUITests.debug.xcconfig */;
			buildSettings = {
				ALWAYS_EMBED_SWIFT_STANDARD_LIBRARIES = YES;
				CODE_SIGN_STYLE = Automatic;
				DEVELOPMENT_TEAM = L9CMSL6QFV;
				INFOPLIST_FILE = "place-your-orderUITests/Info.plist";
				LD_RUNPATH_SEARCH_PATHS = (
					"$(inherited)",
					"@executable_path/Frameworks",
					"@loader_path/Frameworks",
				);
				PRODUCT_BUNDLE_IDENTIFIER = "com.liuvasconcelos.place-your-orderUITests";
				PRODUCT_NAME = "$(TARGET_NAME)";
				SWIFT_VERSION = 5.0;
				TARGETED_DEVICE_FAMILY = "1,2";
				TEST_TARGET_NAME = "place-your-order";
			};
			name = Debug;
		};
		53E76D7F227A090F008DED2C /* Release */ = {
			isa = XCBuildConfiguration;
			baseConfigurationReference = 4C658AC5F2F979C0036CE58F /* Pods-place-your-orderUITests.release.xcconfig */;
			buildSettings = {
				ALWAYS_EMBED_SWIFT_STANDARD_LIBRARIES = YES;
				CODE_SIGN_STYLE = Automatic;
				DEVELOPMENT_TEAM = L9CMSL6QFV;
				INFOPLIST_FILE = "place-your-orderUITests/Info.plist";
				LD_RUNPATH_SEARCH_PATHS = (
					"$(inherited)",
					"@executable_path/Frameworks",
					"@loader_path/Frameworks",
				);
				PRODUCT_BUNDLE_IDENTIFIER = "com.liuvasconcelos.place-your-orderUITests";
				PRODUCT_NAME = "$(TARGET_NAME)";
				SWIFT_VERSION = 5.0;
				TARGETED_DEVICE_FAMILY = "1,2";
				TEST_TARGET_NAME = "place-your-order";
			};
			name = Release;
		};
/* End XCBuildConfiguration section */

/* Begin XCConfigurationList section */
		53E76D4A227A090F008DED2C /* Build configuration list for PBXProject "place-your-order" */ = {
			isa = XCConfigurationList;
			buildConfigurations = (
				53E76D75227A090F008DED2C /* Debug */,
				53E76D76227A090F008DED2C /* Release */,
			);
			defaultConfigurationIsVisible = 0;
			defaultConfigurationName = Release;
		};
		53E76D77227A090F008DED2C /* Build configuration list for PBXNativeTarget "place-your-order" */ = {
			isa = XCConfigurationList;
			buildConfigurations = (
				53E76D78227A090F008DED2C /* Debug */,
				53E76D79227A090F008DED2C /* Release */,
			);
			defaultConfigurationIsVisible = 0;
			defaultConfigurationName = Release;
		};
		53E76D7A227A090F008DED2C /* Build configuration list for PBXNativeTarget "place-your-orderTests" */ = {
			isa = XCConfigurationList;
			buildConfigurations = (
				53E76D7B227A090F008DED2C /* Debug */,
				53E76D7C227A090F008DED2C /* Release */,
			);
			defaultConfigurationIsVisible = 0;
			defaultConfigurationName = Release;
		};
		53E76D7D227A090F008DED2C /* Build configuration list for PBXNativeTarget "place-your-orderUITests" */ = {
			isa = XCConfigurationList;
			buildConfigurations = (
				53E76D7E227A090F008DED2C /* Debug */,
				53E76D7F227A090F008DED2C /* Release */,
			);
			defaultConfigurationIsVisible = 0;
			defaultConfigurationName = Release;
		};
/* End XCConfigurationList section */
	};
	rootObject = 53E76D47227A090F008DED2C /* Project object */;
}
